
Microsoft Visual Studio Solution File, Format Version 12.00
# Visual Studio Express 2013 for Web
VisualStudioVersion = 12.0.31101.0
MinimumVisualStudioVersion = 10.0.40219.1
Project("{FAE04EC0-301F-11D3-BF4B-00C04F79EFBC}") = "Dealership.Data", "Dealership.Data\Dealership.Data.csproj", "{CFB6FA60-CBDE-497B-9BA5-7FA6B23C4DE0}"
EndProject
Project("{FAE04EC0-301F-11D3-BF4B-00C04F79EFBC}") = "Dealership.Data.Models", "Dealership.Data.Models\Dealership.Data.Models.csproj", "{99496282-AABD-462A-B041-1E8EBBCF3E92}"
EndProject
Project("{FAE04EC0-301F-11D3-BF4B-00C04F79EFBC}") = "Dealership.Web", "Dealership.Web\Dealership.Web.csproj", "{365B308E-A24E-461A-9D93-FF4F9845C489}"
EndProject
Global
	GlobalSection(SolutionConfigurationPlatforms) = preSolution
		Debug|Any CPU = Debug|Any CPU
		Release|Any CPU = Release|Any CPU
	EndGlobalSection
	GlobalSection(ProjectConfigurationPlatforms) = postSolution
		{CFB6FA60-CBDE-497B-9BA5-7FA6B23C4DE0}.Debug|Any CPU.ActiveCfg = Debug|Any CPU
		{CFB6FA60-CBDE-497B-9BA5-7FA6B23C4DE0}.Debug|Any CPU.Build.0 = Debug|Any CPU
		{CFB6FA60-CBDE-497B-9BA5-7FA6B23C4DE0}.Release|Any CPU.ActiveCfg = Release|Any CPU
		{CFB6FA60-CBDE-497B-9BA5-7FA6B23C4DE0}.Release|Any CPU.Build.0 = Release|Any CPU
		{99496282-AABD-462A-B041-1E8EBBCF3E92}.Debug|Any CPU.ActiveCfg = Debug|Any CPU
		{99496282-AABD-462A-B041-1E8EBBCF3E92}.Debug|Any CPU.Build.0 = Debug|Any CPU
		{99496282-AABD-462A-B041-1E8EBBCF3E92}.Release|Any CPU.ActiveCfg = Release|Any CPU
		{99496282-AABD-462A-B041-1E8EBBCF3E92}.Release|Any CPU.Build.0 = Release|Any CPU
		{365B308E-A24E-461A-9D93-FF4F9845C489}.Debug|Any CPU.ActiveCfg = Debug|Any CPU
		{365B308E-A24E-461A-9D93-FF4F9845C489}.Debug|Any CPU.Build.0 = Debug|Any CPU
		{365B308E-A24E-461A-9D93-FF4F9845C489}.Release|Any CPU.ActiveCfg = Release|Any CPU
		{365B308E-A24E-461A-9D93-FF4F9845C489}.Release|Any CPU.Build.0 = Release|Any CPU
	EndGlobalSection
	GlobalSection(SolutionProperties) = preSolution
		HideSolutionNode = FALSE
	EndGlobalSection
EndGlobal
